
Microsoft Visual Studio Solution File, Format Version 12.00
# Visual Studio Version 16
VisualStudioVersion = 16.0.31729.503
MinimumVisualStudioVersion = 10.0.40219.1
Project("{FAE04EC0-301F-11D3-BF4B-00C04F79EFBC}") = "Continue statenent", "Continue statenent\Continue statenent.csproj", "{C5A4050D-FAB4-4B67-886A-397979AC61BF}"
EndProject
Global
	GlobalSection(SolutionConfigurationPlatforms) = preSolution
		Debug|Any CPU = Debug|Any CPU
		Release|Any CPU = Release|Any CPU
	EndGlobalSection
	GlobalSection(ProjectConfigurationPlatforms) = postSolution
		{C5A4050D-FAB4-4B67-886A-397979AC61BF}.Debug|Any CPU.ActiveCfg = Debug|Any CPU
		{C5A4050D-FAB4-4B67-886A-397979AC61BF}.Debug|Any CPU.Build.0 = Debug|Any CPU
		{C5A4050D-FAB4-4B67-886A-397979AC61BF}.Release|Any CPU.ActiveCfg = Release|Any CPU
		{C5A4050D-FAB4-4B67-886A-397979AC61BF}.Release|Any CPU.Build.0 = Release|Any CPU
	EndGlobalSection
	GlobalSection(SolutionProperties) = preSolution
		HideSolutionNode = FALSE
	EndGlobalSection
	GlobalSection(ExtensibilityGlobals) = postSolution
		SolutionGuid = {EF6D06FE-FDAA-4F4D-B91D-4F81AFCBF49C}
	EndGlobalSection
EndGlobal
