
Microsoft Visual Studio Solution File, Format Version 12.00
# Visual Studio Version 16
VisualStudioVersion = 16.0.31729.503
MinimumVisualStudioVersion = 10.0.40219.1
Project("{FAE04EC0-301F-11D3-BF4B-00C04F79EFBC}") = "Recurssion", "Recurssion\Recurssion.csproj", "{844DCD39-6055-4366-8626-66636EC587CA}"
EndProject
Global
	GlobalSection(SolutionConfigurationPlatforms) = preSolution
		Debug|Any CPU = Debug|Any CPU
		Release|Any CPU = Release|Any CPU
	EndGlobalSection
	GlobalSection(ProjectConfigurationPlatforms) = postSolution
		{844DCD39-6055-4366-8626-66636EC587CA}.Debug|Any CPU.ActiveCfg = Debug|Any CPU
		{844DCD39-6055-4366-8626-66636EC587CA}.Debug|Any CPU.Build.0 = Debug|Any CPU
		{844DCD39-6055-4366-8626-66636EC587CA}.Release|Any CPU.ActiveCfg = Release|Any CPU
		{844DCD39-6055-4366-8626-66636EC587CA}.Release|Any CPU.Build.0 = Release|Any CPU
	EndGlobalSection
	GlobalSection(SolutionProperties) = preSolution
		HideSolutionNode = FALSE
	EndGlobalSection
	GlobalSection(ExtensibilityGlobals) = postSolution
		SolutionGuid = {379F5B2E-E374-446C-B7AD-579928787844}
	EndGlobalSection
EndGlobal
