
Microsoft Visual Studio Solution File, Format Version 12.00
# Visual Studio Version 16
VisualStudioVersion = 16.0.31729.503
MinimumVisualStudioVersion = 10.0.40219.1
Project("{FAE04EC0-301F-11D3-BF4B-00C04F79EFBC}") = "11. Constructor Destructor", "11. Constructor Destructor\11. Constructor Destructor.csproj", "{C34E5199-A242-4C38-B95C-C95B131B7E84}"
EndProject
Global
	GlobalSection(SolutionConfigurationPlatforms) = preSolution
		Debug|Any CPU = Debug|Any CPU
		Release|Any CPU = Release|Any CPU
	EndGlobalSection
	GlobalSection(ProjectConfigurationPlatforms) = postSolution
		{C34E5199-A242-4C38-B95C-C95B131B7E84}.Debug|Any CPU.ActiveCfg = Debug|Any CPU
		{C34E5199-A242-4C38-B95C-C95B131B7E84}.Debug|Any CPU.Build.0 = Debug|Any CPU
		{C34E5199-A242-4C38-B95C-C95B131B7E84}.Release|Any CPU.ActiveCfg = Release|Any CPU
		{C34E5199-A242-4C38-B95C-C95B131B7E84}.Release|Any CPU.Build.0 = Release|Any CPU
	EndGlobalSection
	GlobalSection(SolutionProperties) = preSolution
		HideSolutionNode = FALSE
	EndGlobalSection
	GlobalSection(ExtensibilityGlobals) = postSolution
		SolutionGuid = {09FACC60-99A9-44C5-9779-4F2D261DBE25}
	EndGlobalSection
EndGlobal
